{
    "_meta": {
        "hash": {
            "sha256": "ecffb3d7c9184566b1f8f07af1da061938809c4680da32c338ef7fab70471418"
        },
        "pipfile-spec": 6,
        "requires": {
            "python_version": "3.11"
        },
        "sources": [
            {
                "name": "pypi",
                "url": "https://pypi.org/simple",
                "verify_ssl": true
            }
        ]
    },
    "default": {
        "numpy": {
            "hashes": [
                "sha256:06934e1a22c54636a059215d6da99e23286424f316fddd979f5071093b648668",
                "sha256:1c59c046c31a43310ad0199d6299e59f57a289e22f0f36951ced1c9eac3665b9",
                "sha256:1d1bd82d539607951cac963388534da3b7ea0e18b149a53cf883d8f699178c0f",
                "sha256:1e11668d6f756ca5ef534b5be8653d16c5352cbb210a5c2a79ff288e937010d5",
                "sha256:3649d566e2fc067597125428db15d60eb42a4e0897fc48d28cb75dc2e0454e53",
                "sha256:59227c981d43425ca5e5c01094d59eb14e8772ce6975d4b2fc1e106a833d5ae2",
                "sha256:6081aed64714a18c72b168a9276095ef9155dd7888b9e74b5987808f0dd0a974",
                "sha256:6965888d65d2848e8768824ca8288db0a81263c1efccec881cb35a0d805fcd2f",
                "sha256:76ff661a867d9272cd2a99eed002470f46dbe0943a5ffd140f49be84f68ffc42",
                "sha256:78ca54b2f9daffa5f323f34cdf21e1d9779a54073f0018a3094ab907938331a2",
                "sha256:82e871307a6331b5f09efda3c22e03c095d957f04bf6bc1804f30048d0e5e7af",
                "sha256:8ab9163ca8aeb7fd32fe93866490654d2f7dda4e61bc6297bf72ce07fdc02f67",
                "sha256:9696aa2e35cc41e398a6d42d147cf326f8f9d81befcb399bc1ed7ffea339b64e",
                "sha256:97e5d6a9f0702c2863aaabf19f0d1b6c2628fbe476438ce0b5ce06e83085064c",
                "sha256:9f42284ebf91bdf32fafac29d29d4c07e5e9d1af862ea73686581773ef9e73a7",
                "sha256:a03fb25610ef560a6201ff06df4f8105292ba56e7cdd196ea350d123fc32e24e",
                "sha256:a5b411040beead47a228bde3b2241100454a6abde9df139ed087bd73fc0a4908",
                "sha256:af22f3d8e228d84d1c0c44c1fbdeb80f97a15a0abe4f080960393a00db733b66",
                "sha256:afd5ced4e5a96dac6725daeb5242a35494243f2239244fad10a90ce58b071d24",
                "sha256:b9d45d1dbb9de84894cc50efece5b09939752a2d75aab3a8b0cef6f3a35ecd6b",
                "sha256:bb894accfd16b867d8643fc2ba6c8617c78ba2828051e9a69511644ce86ce83e",
                "sha256:c8c6c72d4a9f831f328efb1312642a1cafafaa88981d9ab76368d50d07d93cbe",
                "sha256:cd7837b2b734ca72959a1caf3309457a318c934abef7a43a14bb984e574bbb9a",
                "sha256:cdd9ec98f0063d93baeb01aad472a1a0840dee302842a2746a7a8e92968f9575",
                "sha256:d1cfc92db6af1fd37a7bb58e55c8383b4aa1ba23d012bdbba26b4bcca45ac297",
                "sha256:d1d2c6b7dd618c41e202c59c1413ef9b2c8e8a15f5039e344af64195459e3104",
                "sha256:d2984cb6caaf05294b8466966627e80bf6c7afd273279077679cb010acb0e5ab",
                "sha256:d58e8c51a7cf43090d124d5073bc29ab2755822181fcad978b12e144e5e5a4b3",
                "sha256:d78f269e0c4fd365fc2992c00353e4530d274ba68f15e968d8bc3c69ce5f5244",
                "sha256:dcfaf015b79d1f9f9c9fd0731a907407dc3e45769262d657d754c3a028586124",
                "sha256:e44ccb93f30c75dfc0c3aa3ce38f33486a75ec9abadabd4e59f114994a9c4617",
                "sha256:e509cbc488c735b43b5ffea175235cec24bbc57b227ef1acc691725beb230d1c"
            ],
            "index": "pypi",
            "markers": "python_version < '3.13' and python_version >= '3.9'",
            "version": "==1.26.1"
        },
        "pygame": {
            "hashes": [
                "sha256:13b650e925d2e8c82c16bdeae6e7fc5d6ca4ac659a1412da4ecd923ef9d688cb",
                "sha256:143550078ab10f290cd7c8715a46853e0dc598fd6cdd1561ecb4d6e3116a6b26",
                "sha256:147cc0256a5df1316590f351febf6205ef2907564fb0d902935834b91e183486",
                "sha256:1bd14adf6151b6ac2f617a8fd71621f1c125209c41a359d3c1cf4bf3904dba5f",
                "sha256:1c2cbd9d1a0a3969d6e1c6b0741279c843b4a36ef3804d324874d0a2f0e49816",
                "sha256:22d5eac9b9936c7dc2813a750bc8efd53234ad1afc32eb99d6f64bb403c2b9aa",
                "sha256:275e4fab379620c3b262cd58c457eea80001e91bc2e04d306ddb0ba548c969bf",
                "sha256:2b11708f1c7b1671db15246275adcb18cf384f5f7e73532e26999968876c5099",
                "sha256:3959038a3e2034cee3f15471786a3bac35baeaa1f7503dc7402bb49d25b5ddbc",
                "sha256:3bcb19c8ee3fc794ab3a7cb5b5fb1ad38da6866dfbba4af3699a84a828c8a4b9",
                "sha256:3ca85da605f6621c99c05f272a5dcf85bf0badcdca45f16ff2bee9a9d41ae042",
                "sha256:46cf1c9b20fb11c7d836c02dd5fc2ca843b699c0e2bc4130cf4ad2f855db5f7f",
                "sha256:4c87fa8fa1f3ea94069119accd6d4b5fbf869c2b2954a19b45162dfb3b7c885e",
                "sha256:50a89c15412506d95e98792435f49a73101788db30ad9c562f611c7aa7b437fa",
                "sha256:574e310ba708da0c34b71c4158aa7cdca3cf3e16c4100dcd1d3c931a9c6705b4",
                "sha256:583d9c8ad033ad51da8485427139d047afb649f49e42d4fa88477f73734ad4b0",
                "sha256:603d403997d46b07022097861c8b0ff76c6192f8a2f5f89f1a6a978d4411b715",
                "sha256:6830e431575697f7a11f7731798445242e37eb07ae9007f7be33083f700e9b1e",
                "sha256:6b58356510b7c38836eb81cf08983b58f280da99580d4f17e89ed0ddb707c29c",
                "sha256:7babaeac11544f3e4d7a15756a27f943dc5fff276481fdc9d90415a903ad31a9",
                "sha256:7dd80addfdf7dc1f0e04f81c98acb96580726783172256f2ebc955a967e84124",
                "sha256:7ddec0c823fd0869fe4a75ba906dcb7889db0e0c289ce8c03d4ce0a67351ab66",
                "sha256:7e1898db0fd7b868a31c29204813f447c59390350fd806904d80bebde094f3f8",
                "sha256:8062adc409f0b2742d7996b9b470494025c5e3b73d0d03e3798708dcf5d195cd",
                "sha256:80f167d8fcec7cd3107f829784ad721b1b7532c19fdf42b3aabbb51f7347850f",
                "sha256:854dc9106210d1a3a83914af53fc234c0bed65a39f5e6098a8eb489da354ad0c",
                "sha256:875dbde88b899fb7f48d6f0e87f70c3dcc8ee87a947c3df817d949a9741dbcf5",
                "sha256:8ffebcafda0add8072f82999498113be37494694fa36e02155cfaf1a0ba56fe2",
                "sha256:93128beb1154c443f05a66bfbf3f1d4eb8659157ab3b45e4a0454e5905440431",
                "sha256:969de806bed49b28972862acba652f05ece9420bbdf5f925c970c6a18a9fd1f9",
                "sha256:99965da24d0bf138d9ac6b7494b9a12781c1510cf936616d1d0c46a736777f6a",
                "sha256:9d2126f91699223f0c36845d1c7b2cdfe2f1753ef85b8410ea613e8bd212ca33",
                "sha256:b23effd50121468f1dc41022230485bff515154191a9d343224850aa3ed3b7f0",
                "sha256:b763062b1996de26a28600e7a8f138d5b36ba0ddd63c65ccbd06124cd95bab70",
                "sha256:bae93ce29b8337a5e02507603094c51740c9f496272ef070e2624e9647776568",
                "sha256:bce4116db6924b544ff8ff03f7ef681c8baf9c6e039a1ec21e26b4ebdaa0e994",
                "sha256:c116a96a2784bd1724476dbf9c48bfea466ee493a736bdfa04ecbc3f193de0bc",
                "sha256:c1cb39b660da1b56a1704ec4aa72bac538030786e23607fb25b8a66f357ffe3a",
                "sha256:c5d3b0da31ea341b86ef96d6b13c0ddcb25f5320186b7215bc870f08119d2f80",
                "sha256:c66b7abc38511c7ca08c5bb58a3bfc14fa51b4e5f85a1786777afc9e584a14dd",
                "sha256:c71d5b3ec232113cbd2e23a19eb01eef1818db41892d0d5efbac3901f940da66",
                "sha256:c80a1ad38d11102b4dfa0519aa2a26fea534503b259872609acc9adb1860884e",
                "sha256:d051420667dd9fc8103b3cf994c03e46ee90b1c4a72c174737b8c14729ddf68e",
                "sha256:d4a0787ade8723323a3ba874bb725010bb08990a77327fc85f42474f3a840447",
                "sha256:daa81057c1beb71a9fb96253457197ad03ee988ba546a166f253bd92a98a9a11",
                "sha256:df1d8affdbe9f417cc7141581e3d08e4b09f708060d3127d2016fd591b2e4f68",
                "sha256:e21d53279fb504b267ae06b565b72d9f95ecbf1f2dd8c705329b287f38295d98",
                "sha256:e34a2b5660acc298d0a66ce16f13a7ca1c56c2a685e40afef3a0cf6eaf3f44b3",
                "sha256:e47696154d689180e4eea8c1d6f2bac923986119219db6ad0d2e60ab1f525e8c",
                "sha256:e5b6a42109f922352c524565fceb22bf8f8b6e4b00d38306e6f5b4c673048f4a",
                "sha256:e9eed550b8921080a3c7524202822fc2cf7226e0ffd3c4e4d16510ba44b24e6f",
                "sha256:edd5745b79435976d92c0a7318aedcafcb7ac4567125ac6ba88aa473559ef9ab",
                "sha256:ef373b9865c740f18236f2324e17e7f2111e27c6a4a5b67c490c72a8a8b8de77",
                "sha256:ef96e9a2d8fd9526b89657d192c42dd7c551bfa381fa98ec52d45443e9713818",
                "sha256:f7b77b5019a9a6342535f53c75cef912b218cd24e98505828418f135aacc0a1b"
            ],
            "index": "pypi",
            "markers": "python_version >= '3.6'",
            "version": "==2.5.0"
        },
        "python-dotenv": {
            "hashes": [
                "sha256:a8df96034aae6d2d50a4ebe8216326c61c3eb64836776504fcca410e5937a3ba",
                "sha256:f5971a9226b701070a4bf2c38c89e5a3f0d64de8debda981d1db98583009122a"
            ],
            "index": "pypi",
            "markers": "python_version >= '3.8'",
            "version": "==1.0.0"
        }
    },
    "develop": {
        "black": {
            "hashes": [
                "sha256:01ede61aac8c154b55f35301fac3e730baf0c9cf8120f65a9cd61a81cfb4a0c3",
                "sha256:022a582720b0d9480ed82576c920a8c1dde97cc38ff11d8d8859b3bd6ca9eedb",
                "sha256:25cc308838fe71f7065df53aedd20327969d05671bac95b38fdf37ebe70ac087",
                "sha256:27eb7a0c71604d5de083757fbdb245b1a4fae60e9596514c6ec497eb63f95320",
                "sha256:327a8c2550ddc573b51e2c352adb88143464bb9d92c10416feb86b0f5aee5ff6",
                "sha256:47e56d83aad53ca140da0af87678fb38e44fd6bc0af71eebab2d1f59b1acf1d3",
                "sha256:501387a9edcb75d7ae8a4412bb8749900386eaef258f1aefab18adddea1936bc",
                "sha256:552513d5cd5694590d7ef6f46e1767a4df9af168d449ff767b13b084c020e63f",
                "sha256:5c4bc552ab52f6c1c506ccae05681fab58c3f72d59ae6e6639e8885e94fe2587",
                "sha256:642496b675095d423f9b8448243336f8ec71c9d4d57ec17bf795b67f08132a91",
                "sha256:6d1c6022b86f83b632d06f2b02774134def5d4d4f1dac8bef16d90cda18ba28a",
                "sha256:7f3bf2dec7d541b4619b8ce526bda74a6b0bffc480a163fed32eb8b3c9aed8ad",
                "sha256:831d8f54c3a8c8cf55f64d0422ee875eecac26f5f649fb6c1df65316b67c8926",
                "sha256:8417dbd2f57b5701492cd46edcecc4f9208dc75529bcf76c514864e48da867d9",
                "sha256:86cee259349b4448adb4ef9b204bb4467aae74a386bce85d56ba4f5dc0da27be",
                "sha256:893695a76b140881531062d48476ebe4a48f5d1e9388177e175d76234ca247cd",
                "sha256:9fd59d418c60c0348505f2ddf9609c1e1de8e7493eab96198fc89d9f865e7a96",
                "sha256:ad0014efc7acf0bd745792bd0d8857413652979200ab924fbf239062adc12491",
                "sha256:b5b0ee6d96b345a8b420100b7d71ebfdd19fab5e8301aff48ec270042cd40ac2",
                "sha256:c333286dc3ddca6fdff74670b911cccedacb4ef0a60b34e491b8a67c833b343a",
                "sha256:f9062af71c59c004cd519e2fb8f5d25d39e46d3af011b41ab43b9c74e27e236f",
                "sha256:fb074d8b213749fa1d077d630db0d5f8cc3b2ae63587ad4116e8a436e9bbe995"
            ],
            "index": "pypi",
            "markers": "python_version >= '3.8'",
            "version": "==23.7.0"
        },
        "click": {
            "hashes": [
                "sha256:ae74fb96c20a0277a1d615f1e4d73c8414f5a98db8b799a7931d1582f3390c28",
                "sha256:ca9853ad459e787e2192211578cc907e7594e294c7ccc834310722b41b9ca6de"
            ],
            "markers": "python_version >= '3.7'",
            "version": "==8.1.7"
        },
        "coverage": {
            "extras": [
                "toml"
            ],
            "hashes": [
                "sha256:0cbf38419fb1a347aaf63481c00f0bdc86889d9fbf3f25109cf96c26b403fda1",
                "sha256:12d15ab5833a997716d76f2ac1e4b4d536814fc213c85ca72756c19e5a6b3d63",
                "sha256:149de1d2401ae4655c436a3dced6dd153f4c3309f599c3d4bd97ab172eaf02d9",
                "sha256:1981f785239e4e39e6444c63a98da3a1db8e971cb9ceb50a945ba6296b43f312",
                "sha256:2443cbda35df0d35dcfb9bf8f3c02c57c1d6111169e3c85fc1fcc05e0c9f39a3",
                "sha256:289fe43bf45a575e3ab10b26d7b6f2ddb9ee2dba447499f5401cfb5ecb8196bb",
                "sha256:2f11cc3c967a09d3695d2a6f03fb3e6236622b93be7a4b5dc09166a861be6d25",
                "sha256:307adb8bd3abe389a471e649038a71b4eb13bfd6b7dd9a129fa856f5c695cf92",
                "sha256:310b3bb9c91ea66d59c53fa4989f57d2436e08f18fb2f421a1b0b6b8cc7fffda",
                "sha256:315a989e861031334d7bee1f9113c8770472db2ac484e5b8c3173428360a9148",
                "sha256:3a4006916aa6fee7cd38db3bfc95aa9c54ebb4ffbfc47c677c8bba949ceba0a6",
                "sha256:3c7bba973ebee5e56fe9251300c00f1579652587a9f4a5ed8404b15a0471f216",
                "sha256:4175e10cc8dda0265653e8714b3174430b07c1dca8957f4966cbd6c2b1b8065a",
                "sha256:43668cabd5ca8258f5954f27a3aaf78757e6acf13c17604d89648ecc0cc66640",
                "sha256:4cbae1051ab791debecc4a5dcc4a1ff45fc27b91b9aee165c8a27514dd160836",
                "sha256:5c913b556a116b8d5f6ef834038ba983834d887d82187c8f73dec21049abd65c",
                "sha256:5f7363d3b6a1119ef05015959ca24a9afc0ea8a02c687fe7e2d557705375c01f",
                "sha256:630b13e3036e13c7adc480ca42fa7afc2a5d938081d28e20903cf7fd687872e2",
                "sha256:72c0cfa5250f483181e677ebc97133ea1ab3eb68645e494775deb6a7f6f83901",
                "sha256:7dbc3ed60e8659bc59b6b304b43ff9c3ed858da2839c78b804973f613d3e92ed",
                "sha256:88ed2c30a49ea81ea3b7f172e0269c182a44c236eb394718f976239892c0a27a",
                "sha256:89a937174104339e3a3ffcf9f446c00e3a806c28b1841c63edb2b369310fd074",
                "sha256:9028a3871280110d6e1aa2df1afd5ef003bab5fb1ef421d6dc748ae1c8ef2ebc",
                "sha256:99b89d9f76070237975b315b3d5f4d6956ae354a4c92ac2388a5695516e47c84",
                "sha256:9f805d62aec8eb92bab5b61c0f07329275b6f41c97d80e847b03eb894f38d083",
                "sha256:a889ae02f43aa45032afe364c8ae84ad3c54828c2faa44f3bfcafecb5c96b02f",
                "sha256:aa72dbaf2c2068404b9870d93436e6d23addd8bbe9295f49cbca83f6e278179c",
                "sha256:ac8c802fa29843a72d32ec56d0ca792ad15a302b28ca6203389afe21f8fa062c",
                "sha256:ae97af89f0fbf373400970c0a21eef5aa941ffeed90aee43650b81f7d7f47637",
                "sha256:af3d828d2c1cbae52d34bdbb22fcd94d1ce715d95f1a012354a75e5913f1bda2",
                "sha256:b4275802d16882cf9c8b3d057a0839acb07ee9379fa2749eca54efbce1535b82",
                "sha256:b4767da59464bb593c07afceaddea61b154136300881844768037fd5e859353f",
                "sha256:b631c92dfe601adf8f5ebc7fc13ced6bb6e9609b19d9a8cd59fa47c4186ad1ce",
                "sha256:be32ad29341b0170e795ca590e1c07e81fc061cb5b10c74ce7203491484404ef",
                "sha256:beaa5c1b4777f03fc63dfd2a6bd820f73f036bfb10e925fce067b00a340d0f3f",
                "sha256:c0ba320de3fb8c6ec16e0be17ee1d3d69adcda99406c43c0409cb5c41788a611",
                "sha256:c9eacf273e885b02a0273bb3a2170f30e2d53a6d53b72dbe02d6701b5296101c",
                "sha256:cb536f0dcd14149425996821a168f6e269d7dcd2c273a8bff8201e79f5104e76",
                "sha256:d1bc430677773397f64a5c88cb522ea43175ff16f8bfcc89d467d974cb2274f9",
                "sha256:d1c88ec1a7ff4ebca0219f5b1ef863451d828cccf889c173e1253aa84b1e07ce",
                "sha256:d3d9df4051c4a7d13036524b66ecf7a7537d14c18a384043f30a303b146164e9",
                "sha256:d51ac2a26f71da1b57f2dc81d0e108b6ab177e7d30e774db90675467c847bbdf",
                "sha256:d872145f3a3231a5f20fd48500274d7df222e291d90baa2026cc5152b7ce86bf",
                "sha256:d8f17966e861ff97305e0801134e69db33b143bbfb36436efb9cfff6ec7b2fd9",
                "sha256:dbc1b46b92186cc8074fee9d9fbb97a9dd06c6cbbef391c2f59d80eabdf0faa6",
                "sha256:e10c39c0452bf6e694511c901426d6b5ac005acc0f78ff265dbe36bf81f808a2",
                "sha256:e267e9e2b574a176ddb983399dec325a80dbe161f1a32715c780b5d14b5f583a",
                "sha256:f47d39359e2c3779c5331fc740cf4bce6d9d680a7b4b4ead97056a0ae07cb49a",
                "sha256:f6e9589bd04d0461a417562649522575d8752904d35c12907d8c9dfeba588faf",
                "sha256:f94b734214ea6a36fe16e96a70d941af80ff3bfd716c141300d95ebc85339738",
                "sha256:fa28e909776dc69efb6ed975a63691bc8172b64ff357e663a1bb06ff3c9b589a",
                "sha256:fe494faa90ce6381770746077243231e0b83ff3f17069d748f645617cefe19d4"
            ],
            "markers": "python_version >= '3.8'",
            "version": "==7.3.2"
        },
        "flake8": {
            "hashes": [
                "sha256:3833794e27ff64ea4e9cf5d410082a8b97ff1a06c16aa3d2027339cd0f1195c7",
                "sha256:c61007e76655af75e6785a931f452915b371dc48f56efd765247c8fe68f2b181"
            ],
            "index": "pypi",
            "markers": "python_full_version >= '3.8.1'",
            "version": "==6.0.0"
        },
        "iniconfig": {
            "hashes": [
                "sha256:2d91e135bf72d31a410b17c16da610a82cb55f6b0477d1a902134b24a455b8b3",
                "sha256:b6a85871a79d2e3b22d2d1b94ac2824226a63c6b741c88f7ae975f18b6778374"
            ],
            "markers": "python_version >= '3.7'",
            "version": "==2.0.0"
        },
        "isort": {
            "hashes": [
                "sha256:8bef7dde241278824a6d83f44a544709b065191b95b6e50894bdc722fcba0504",
                "sha256:f84c2818376e66cf843d497486ea8fed8700b340f308f076c6fb1229dff318b6"
            ],
            "index": "pypi",
            "markers": "python_full_version >= '3.8.0'",
            "version": "==5.12.0"
        },
        "mccabe": {
            "hashes": [
                "sha256:348e0240c33b60bbdf4e523192ef919f28cb2c3d7d5c7794f74009290f236325",
                "sha256:6c2d30ab6be0e4a46919781807b4f0d834ebdd6c6e3dca0bda5a15f863427b6e"
            ],
            "markers": "python_version >= '3.6'",
            "version": "==0.7.0"
        },
        "mypy": {
            "hashes": [
                "sha256:01fd2e9f85622d981fd9063bfaef1aed6e336eaacca00892cd2d82801ab7c042",
                "sha256:0dde1d180cd84f0624c5dcaaa89c89775550a675aff96b5848de78fb11adabcd",
                "sha256:141dedfdbfe8a04142881ff30ce6e6653c9685b354876b12e4fe6c78598b45e2",
                "sha256:16f0db5b641ba159eff72cff08edc3875f2b62b2fa2bc24f68c1e7a4e8232d01",
                "sha256:190b6bab0302cec4e9e6767d3eb66085aef2a1cc98fe04936d8a42ed2ba77bb7",
                "sha256:2460a58faeea905aeb1b9b36f5065f2dc9a9c6e4c992a6499a2360c6c74ceca3",
                "sha256:34a9239d5b3502c17f07fd7c0b2ae6b7dd7d7f6af35fbb5072c6208e76295816",
                "sha256:43b592511672017f5b1a483527fd2684347fdffc041c9ef53428c8dc530f79a3",
                "sha256:43d24f6437925ce50139a310a64b2ab048cb2d3694c84c71c3f2a1626d8101dc",
                "sha256:45d32cec14e7b97af848bddd97d85ea4f0db4d5a149ed9676caa4eb2f7402bb4",
                "sha256:470c969bb3f9a9efcedbadcd19a74ffb34a25f8e6b0e02dae7c0e71f8372f97b",
                "sha256:566e72b0cd6598503e48ea610e0052d1b8168e60a46e0bfd34b3acf2d57f96a8",
                "sha256:5703097c4936bbb9e9bce41478c8d08edd2865e177dc4c52be759f81ee4dd26c",
                "sha256:7549fbf655e5825d787bbc9ecf6028731973f78088fbca3a1f4145c39ef09462",
                "sha256:8207b7105829eca6f3d774f64a904190bb2231de91b8b186d21ffd98005f14a7",
                "sha256:8c4d8e89aa7de683e2056a581ce63c46a0c41e31bd2b6d34144e2c80f5ea53dc",
                "sha256:98324ec3ecf12296e6422939e54763faedbfcc502ea4a4c38502082711867258",
                "sha256:9bbcd9ab8ea1f2e1c8031c21445b511442cc45c89951e49bbf852cbb70755b1b",
                "sha256:9d40652cc4fe33871ad3338581dca3297ff5f2213d0df345bcfbde5162abf0c9",
                "sha256:a2746d69a8196698146a3dbe29104f9eb6a2a4d8a27878d92169a6c0b74435b6",
                "sha256:ae704dcfaa180ff7c4cfbad23e74321a2b774f92ca77fd94ce1049175a21c97f",
                "sha256:bfdca17c36ae01a21274a3c387a63aa1aafe72bff976522886869ef131b937f1",
                "sha256:c482e1246726616088532b5e964e39765b6d1520791348e6c9dc3af25b233828",
                "sha256:ca637024ca67ab24a7fd6f65d280572c3794665eaf5edcc7e90a866544076878",
                "sha256:e02d700ec8d9b1859790c0475df4e4092c7bf3272a4fd2c9f33d87fac4427b8f",
                "sha256:e5952d2d18b79f7dc25e62e014fe5a23eb1a3d2bc66318df8988a01b1a037c5b"
            ],
            "index": "pypi",
            "markers": "python_version >= '3.7'",
            "version": "==1.4.1"
        },
        "mypy-extensions": {
            "hashes": [
                "sha256:4392f6c0eb8a5668a69e23d168ffa70f0be9ccfd32b5cc2d26a34ae5b844552d",
                "sha256:75dbf8955dc00442a438fc4d0666508a9a97b6bd41aa2f0ffe9d2f2725af0782"
            ],
            "markers": "python_version >= '3.5'",
            "version": "==1.0.0"
        },
        "packaging": {
            "hashes": [
                "sha256:048fb0e9405036518eaaf48a55953c750c11e1a1b68e0dd1a9d62ed0c092cfc5",
                "sha256:8c491190033a9af7e1d931d0b5dacc2ef47509b34dd0de67ed209b5203fc88c7"
            ],
            "markers": "python_version >= '3.7'",
            "version": "==23.2"
        },
        "pathspec": {
            "hashes": [
                "sha256:1d6ed233af05e679efb96b1851550ea95bbb64b7c490b0f5aa52996c11e92a20",
                "sha256:e0d8d0ac2f12da61956eb2306b69f9469b42f4deb0f3cb6ed47b9cce9996ced3"
            ],
            "markers": "python_version >= '3.7'",
            "version": "==0.11.2"
        },
        "platformdirs": {
            "hashes": [
                "sha256:cf8ee52a3afdb965072dcc652433e0c7e3e40cf5ea1477cd4b3b1d2eb75495b3",
                "sha256:e9d171d00af68be50e9202731309c4e658fd8bc76f55c11c7dd760d023bda68e"
            ],
            "markers": "python_version >= '3.7'",
            "version": "==3.11.0"
        },
        "pluggy": {
            "hashes": [
                "sha256:cf61ae8f126ac6f7c451172cf30e3e43d3ca77615509771b3a984a0730651e12",
                "sha256:d89c696a773f8bd377d18e5ecda92b7a3793cbe66c87060a6fb58c7b6e1061f7"
            ],
            "markers": "python_version >= '3.8'",
            "version": "==1.3.0"
        },
        "pycodestyle": {
            "hashes": [
                "sha256:347187bdb476329d98f695c213d7295a846d1152ff4fe9bacb8a9590b8ee7053",
                "sha256:8a4eaf0d0495c7395bdab3589ac2db602797d76207242c17d470186815706610"
            ],
            "markers": "python_version >= '3.6'",
            "version": "==2.10.0"
        },
        "pyflakes": {
            "hashes": [
                "sha256:ec55bf7fe21fff7f1ad2f7da62363d749e2a470500eab1b555334b67aa1ef8cf",
                "sha256:ec8b276a6b60bd80defed25add7e439881c19e64850afd9b346283d4165fd0fd"
            ],
            "markers": "python_version >= '3.6'",
            "version": "==3.0.1"
        },
        "pytest": {
            "hashes": [
                "sha256:78bf16451a2eb8c7a2ea98e32dc119fd2aa758f1d5d66dbf0a59d69a3969df32",
                "sha256:b4bf8c45bd59934ed84001ad51e11b4ee40d40a1229d2c79f9c592b0a3f6bd8a"
            ],
            "index": "pypi",
            "markers": "python_version >= '3.7'",
            "version": "==7.4.0"
        },
        "pytest-cov": {
            "hashes": [
                "sha256:3904b13dfbfec47f003b8e77fd5b589cd11904a21ddf1ab38a64f204d6a10ef6",
                "sha256:6ba70b9e97e69fcc3fb45bfeab2d0a138fb65c4d0d6a41ef33983ad114be8c3a"
            ],
            "index": "pypi",
            "markers": "python_version >= '3.7'",
            "version": "==4.1.0"
        },
        "typing-extensions": {
            "hashes": [
                "sha256:8f92fc8806f9a6b641eaa5318da32b44d401efaac0f6678c9bc448ba3605faa0",
                "sha256:df8e4339e9cb77357558cbdbceca33c303714cf861d1eef15e1070055ae8b7ef"
            ],
            "markers": "python_version >= '3.8'",
            "version": "==4.8.0"
        }
    }
}
